
Microsoft Visual Studio Solution File, Format Version 12.00
# Visual Studio Version 17
VisualStudioVersion = 17.3.32819.101
MinimumVisualStudioVersion = 10.0.40219.1
Project("{FAE04EC0-301F-11D3-BF4B-00C04F79EFBC}") = "ArrayTutorial", "ArrayTutorial\ArrayTutorial.csproj", "{A3EF1723-BF15-4A2B-9396-E8E9B04A2B61}"
EndProject
Global
	GlobalSection(SolutionConfigurationPlatforms) = preSolution
		Debug|Any CPU = Debug|Any CPU
		Release|Any CPU = Release|Any CPU
	EndGlobalSection
	GlobalSection(ProjectConfigurationPlatforms) = postSolution
		{A3EF1723-BF15-4A2B-9396-E8E9B04A2B61}.Debug|Any CPU.ActiveCfg = Debug|Any CPU
		{A3EF1723-BF15-4A2B-9396-E8E9B04A2B61}.Debug|Any CPU.Build.0 = Debug|Any CPU
		{A3EF1723-BF15-4A2B-9396-E8E9B04A2B61}.Release|Any CPU.ActiveCfg = Release|Any CPU
		{A3EF1723-BF15-4A2B-9396-E8E9B04A2B61}.Release|Any CPU.Build.0 = Release|Any CPU
	EndGlobalSection
	GlobalSection(SolutionProperties) = preSolution
		HideSolutionNode = FALSE
	EndGlobalSection
	GlobalSection(ExtensibilityGlobals) = postSolution
		SolutionGuid = {3FD86891-B20A-47B5-A146-29B739E1F92A}
	EndGlobalSection
EndGlobal
